
Microsoft Visual Studio Solution File, Format Version 12.00
# Visual Studio Version 16
VisualStudioVersion = 16.0.31515.178
MinimumVisualStudioVersion = 10.0.40219.1
Project("{FAE04EC0-301F-11D3-BF4B-00C04F79EFBC}") = "Haromszogek", "Haromszogek.csproj", "{EFEFBC89-E5AB-4D91-8130-187707D5BECE}"
EndProject
Global
	GlobalSection(SolutionConfigurationPlatforms) = preSolution
		Debug|Any CPU = Debug|Any CPU
		Release|Any CPU = Release|Any CPU
	EndGlobalSection
	GlobalSection(ProjectConfigurationPlatforms) = postSolution
		{EFEFBC89-E5AB-4D91-8130-187707D5BECE}.Debug|Any CPU.ActiveCfg = Debug|Any CPU
		{EFEFBC89-E5AB-4D91-8130-187707D5BECE}.Debug|Any CPU.Build.0 = Debug|Any CPU
		{EFEFBC89-E5AB-4D91-8130-187707D5BECE}.Release|Any CPU.ActiveCfg = Release|Any CPU
		{EFEFBC89-E5AB-4D91-8130-187707D5BECE}.Release|Any CPU.Build.0 = Release|Any CPU
	EndGlobalSection
	GlobalSection(SolutionProperties) = preSolution
		HideSolutionNode = FALSE
	EndGlobalSection
	GlobalSection(ExtensibilityGlobals) = postSolution
		SolutionGuid = {11498E2A-F502-44DF-B845-13400548AADD}
	EndGlobalSection
EndGlobal
